github.com/dreadl0ck/gopacket v1.1.15 h1:12qG1DKM7lZbo69NoeTGzvoYC2YPhPBAcl3NYsvUjHM=
github.com/dreadl0ck/gopacket v1.1.15/go.mod h1:c30gpU/yoyFK01rO2whWmvTiZvsgDMn/mCkbdX41znw=
github.com/dreadl0ck/gopacket v1.1.16-0.20200114112008-4960f4b77557 h1:m/rxJiRUgei39RuIVBMPipyRGokYe534vBfuARBcLnU=
github.com/dreadl0ck/gopacket v1.1.16-0.20200114112008-4960f4b77557/go.mod h1:d7HEeaw/pAxzNTUprrDDpb7RxPsWA9i3NFp1ZfBNl50=
github.com/dreadl0ck/gopacket v1.1.17 h1:rMrlX2ZY2UbvT+sdz3+6J+pp2z+msCq9MxTU6ymxbBY=
github.com/dreadl0ck/gopacket v1.1.17/go.mod h1:UdDNZ1OO62aGYVnPhxT1U6aI7ukYtA/kB8vaU0diBUM=
github.com/dreadl0ck/tlsx v0.0.0-20200303221230-8cb859306e07 h1:ZPbZ1CELNcwKr0D/MHZK0oPRrb4hH28AKldTWknV6lg=
github.com/dreadl0ck/tlsx v0.0.0-20200303221230-8cb859306e07/go.mod h1:amAb73WEEgPHWniMfwro6UpN6St3e5ypgq2tXM89IOo=
github.com/dreadl0ck/tlsx v0.0.0-20200410212044-9b61cacc90db h1:XTAwIjfsFDQGo4z3mQdplToSjWvZU9FHntthpR+g+sQ=
github.com/dreadl0ck/tlsx v0.0.0-20200410212044-9b61cacc90db/go.mod h1:sBTlLV54BjDf/gqC3YuFIhs5DKslo/BW/M/mHkCkNM4=
github.com/dreadl0ck/tlsx v0.0.0-20200410220656-a855823cba0b h1:pe6QmegBSU8XHCMF9PI2P+hEhuQYCodbTQluExHmKW4=
github.com/dreadl0ck/tlsx v0.0.0-20200410220656-a855823cba0b/go.mod h1:sBTlLV54BjDf/gqC3YuFIhs5DKslo/BW/M/mHkCkNM4=
github.com/google/go-cmp v0.2.0/go.mod h1:oXzfMopK8JAjlY9xF4vHSVASa0yLyX7SntLO5aqRK0M=
github.com/google/gopacket v1.1.17 h1:rMrlX2ZY2UbvT+sdz3+6J+pp2z+msCq9MxTU6ymxbBY=
github.com/google/gopacket v1.1.17/go.mod h1:UdDNZ1OO62aGYVnPhxT1U6aI7ukYtA/kB8vaU0diBUM=
github.com/mdlayher/raw v0.0.0-20191009151244-50f2db8cc065 h1:aFkJ6lx4FPip+S+Uw4aTegFMct9shDvP+79PsSxpm3w=
github.com/mdlayher/raw v0.0.0-20191009151244-50f2db8cc065/go.mod h1:7EpbotpCmVZcu+KCX4g9WaRNuu11uyhiW7+Le1dKawg=
golang.org/x/crypto v0.0.0-20190308221718-c2843e01d9a2 h1:VklqNMn3ovrHsnt90PveolxSbWFaJdECFbxSq0Mqo2M=
golang.org/x/crypto v0.0.0-20190308221718-c2843e01d9a2/go.mod h1:djNgcEr1/C05ACkg1iLfiJU5Ep61QUkGW8qpdssI0+w=
golang.org/x/crypto v0.0.0-20200221231518-2aa609cf4a9d h1:1ZiEyfaQIg3Qh0EoqpwAakHVhecoE5wlSg5GjnafJGw=
golang.org/x/crypto v0.0.0-20200221231518-2aa609cf4a9d/go.mod h1:LzIPMQfyMNhhGPhUkYOs5KpL4U8rLKemX1yGLhDgUto=
golang.org/x/crypto v0.0.0-20200302210943-78000ba7a073 h1:xMPOj6Pz6UipU1wXLkrtqpHbR0AVFnyPEQq/wRWz9lM=
golang.org/x/crypto v0.0.0-20200302210943-78000ba7a073/go.mod h1:LzIPMQfyMNhhGPhUkYOs5KpL4U8rLKemX1yGLhDgUto=
golang.org/x/net v0.0.0-20190404232315-eb5bcb51f2a3 h1:0GoQqolDA55aaLxZyTzK/Y2ePZzZTUrRacwib7cNsYQ=
golang.org/x/net v0.0.0-20190404232315-eb5bcb51f2a3/go.mod h1:t9HGtf8HONx5eT2rtn7q6eTqICYqUVnKs3thJo3Qplg=
golang.org/x/net v0.0.0-20190419010253-1f3472d942ba h1:h0zCzEL5UW1mERvwTN6AXcc75PpLkY6OcReia6Dq1BM=
golang.org/x/net v0.0.0-20190419010253-1f3472d942ba/go.mod h1:t9HGtf8HONx5eT2rtn7q6eTqICYqUVnKs3thJo3Qplg=
golang.org/x/sys v0.0.0-20190215142949-d0b11bdaac8a/go.mod h1:STP8DvDyc/dI5b8T5hshtkjS+E42TnysNCUPdjciGhY=
golang.org/x/sys v0.0.0-20190405154228-4b34438f7a67 h1:1Fzlr8kkDLQwqMP8GxrhptBLqZG/EDpiATneiZHY998=
golang.org/x/sys v0.0.0-20190405154228-4b34438f7a67/go.mod h1:h1NjWce9XRLGQEsW7wpKNCjG9DtNlClVuFLEZdDNbEs=
golang.org/x/sys v0.0.0-20190412213103-97732733099d h1:+R4KGOnez64A81RvjARKc4UT5/tI9ujCIVX+P5KiHuI=
golang.org/x/sys v0.0.0-20190412213103-97732733099d/go.mod h1:h1NjWce9XRLGQEsW7wpKNCjG9DtNlClVuFLEZdDNbEs=
golang.org/x/sys v0.0.0-20190418153312-f0ce4c0180be h1:mI+jhqkn68ybP0ORJqunXn+fq+Eeb4hHKqLQcFICjAc=
golang.org/x/sys v0.0.0-20190418153312-f0ce4c0180be/go.mod h1:h1NjWce9XRLGQEsW7wpKNCjG9DtNlClVuFLEZdDNbEs=
golang.org/x/text v0.3.0 h1:g61tztE5qeGQ89tm6NTjjM9VPIm088od1l6aSorWRWg=
golang.org/x/text v0.3.0/go.mod h1:NqM8EUOU14njkJ3fqMW+pc6Ldnwhi/IjpwHt7yyuwOQ=
